// !$*UTF8*$!
{
	archiveVersion = 1;
	classes = {
	};
	objectVersion = 46;
	objects = {

/* Begin PBXBuildFile section */
		9626C8EF1F970A010004DAAC /* AppDelegate.swift in Sources */ = {isa = PBXBuildFile; fileRef = 9626C8EE1F970A010004DAAC /* AppDelegate.swift */; };
		9626C8F11F970A010004DAAC /* ViewController.swift in Sources */ = {isa = PBXBuildFile; fileRef = 9626C8F01F970A010004DAAC /* ViewController.swift */; };
		9626C8F41F970A010004DAAC /* Main.storyboard in Resources */ = {isa = PBXBuildFile; fileRef = 9626C8F21F970A010004DAAC /* Main.storyboard */; };
		9626C8F61F970A010004DAAC /* Assets.xcassets in Resources */ = {isa = PBXBuildFile; fileRef = 9626C8F51F970A010004DAAC /* Assets.xcassets */; };
		9626C8F91F970A010004DAAC /* LaunchScreen.storyboard in Resources */ = {isa = PBXBuildFile; fileRef = 9626C8F71F970A010004DAAC /* LaunchScreen.storyboard */; };
		9626C9011F970AB20004DAAC /* morty_1x.jpg in Resources */ = {isa = PBXBuildFile; fileRef = 9626C9001F970AB20004DAAC /* morty_1x.jpg */; };
/* End PBXBuildFile section */

/* Begin PBXFileReference section */
		9626C8EB1F970A010004DAAC /* Catch the morty.app */ = {isa = PBXFileReference; explicitFileType = wrapper.application; includeInIndex = 0; path = "Catch the morty.app"; sourceTree = BUILT_PRODUCTS_DIR; };
		9626C8EE1F970A010004DAAC /* AppDelegate.swift */ = {isa = PBXFileReference; lastKnownFileType = sourcecode.swift; path = AppDelegate.swift; sourceTree = "<group>"; };
		9626C8F01F970A010004DAAC /* ViewController.swift */ = {isa = PBXFileReference; lastKnownFileType = sourcecode.swift; path = ViewController.swift; sourceTree = "<group>"; };
		9626C8F31F970A010004DAAC /* Base */ = {isa = PBXFileReference; lastKnownFileType = file.storyboard; name = Base; path = Base.lproj/Main.storyboard; sourceTree = "<group>"; };
		9626C8F51F970A010004DAAC /* Assets.xcassets */ = {isa = PBXFileReference; lastKnownFileType = folder.assetcatalog; path = Assets.xcassets; sourceTree = "<group>"; };
		9626C8F81F970A010004DAAC /* Base */ = {isa = PBXFileReference; lastKnownFileType = file.storyboard; name = Base; path = Base.lproj/LaunchScreen.storyboard; sourceTree = "<group>"; };
		9626C8FA1F970A010004DAAC /* Info.plist */ = {isa = PBXFileReference; lastKnownFileType = text.plist.xml; path = Info.plist; sourceTree = "<group>"; };
		9626C9001F970AB20004DAAC /* morty_1x.jpg */ = {isa = PBXFileReference; lastKnownFileType = image.jpeg; path = morty_1x.jpg; sourceTree = "<group>"; };
/* End PBXFileReference section */

/* Begin PBXFrameworksBuildPhase section */
		9626C8E81F970A010004DAAC /* Frameworks */ = {
			isa = PBXFrameworksBuildPhase;
			buildActionMask = 2147483647;
			files = (
			);
			runOnlyForDeploymentPostprocessing = 0;
		};
/* End PBXFrameworksBuildPhase section */

/* Begin PBXGroup section */
		9626C8E21F970A010004DAAC = {
			isa = PBXGroup;
			children = (
				9626C8ED1F970A010004DAAC /* Catch the morty */,
				9626C8EC1F970A010004DAAC /* Products */,
			);
			sourceTree = "<group>";
		};
		9626C8EC1F970A010004DAAC /* Products */ = {
			isa = PBXGroup;
			children = (
				9626C8EB1F970A010004DAAC /* Catch the morty.app */,
			);
			name = Products;
			sourceTree = "<group>";
		};
		9626C8ED1F970A010004DAAC /* Catch the morty */ = {
			isa = PBXGroup;
			children = (
				9626C8EE1F970A010004DAAC /* AppDelegate.swift */,
				9626C8F01F970A010004DAAC /* ViewController.swift */,
				9626C8F21F970A010004DAAC /* Main.storyboard */,
				9626C8F51F970A010004DAAC /* Assets.xcassets */,
				9626C8F71F970A010004DAAC /* LaunchScreen.storyboard */,
				9626C9001F970AB20004DAAC /* morty_1x.jpg */,
				9626C8FA1F970A010004DAAC /* Info.plist */,
			);
			path = "Catch the morty";
			sourceTree = "<group>";
		};
/* End PBXGroup section */

/* Begin PBXNativeTarget section */
		9626C8EA1F970A010004DAAC /* Catch the morty */ = {
			isa = PBXNativeTarget;
			buildConfigurationList = 9626C8FD1F970A010004DAAC /* Build configuration list for PBXNativeTarget "Catch the morty" */;
			buildPhases = (
				9626C8E71F970A010004DAAC /* Sources */,
				9626C8E81F970A010004DAAC /* Frameworks */,
				9626C8E91F970A010004DAAC /* Resources */,
			);
			buildRules = (
			);
			dependencies = (
			);
			name = "Catch the morty";
			productName = "Catch the morty";
			productReference = 9626C8EB1F970A010004DAAC /* Catch the morty.app */;
			productType = "com.apple.product-type.application";
		};
/* End PBXNativeTarget section */

/* Begin PBXProject section */
		9626C8E31F970A010004DAAC /* Project object */ = {
			isa = PBXProject;
			attributes = {
				LastSwiftUpdateCheck = 0830;
				LastUpgradeCheck = 0830;
				ORGANIZATIONNAME = "Subhamoy Paul";
				TargetAttributes = {
					9626C8EA1F970A010004DAAC = {
						CreatedOnToolsVersion = 8.3.3;
						ProvisioningStyle = Automatic;
					};
				};
			};
			buildConfigurationList = 9626C8E61F970A010004DAAC /* Build configuration list for PBXProject "Catch the morty" */;
			compatibilityVersion = "Xcode 3.2";
			developmentRegion = English;
			hasScannedForEncodings = 0;
			knownRegions = (
				en,
				Base,
			);
			mainGroup = 9626C8E21F970A010004DAAC;
			productRefGroup = 9626C8EC1F970A010004DAAC /* Products */;
			projectDirPath = "";
			projectRoot = "";
			targets = (
				9626C8EA1F970A010004DAAC /* Catch the morty */,
			);
		};
/* End PBXProject section */

/* Begin PBXResourcesBuildPhase section */
		9626C8E91F970A010004DAAC /* Resources */ = {
			isa = PBXResourcesBuildPhase;
			buildActionMask = 2147483647;
			files = (
				9626C8F91F970A010004DAAC /* LaunchScreen.storyboard in Resources */,
				9626C8F61F970A010004DAAC /* Assets.xcassets in Resources */,
				9626C9011F970AB20004DAAC /* morty_1x.jpg in Resources */,
				9626C8F41F970A010004DAAC /* Main.storyboard in Resources */,
			);
			runOnlyForDeploymentPostprocessing = 0;
		};
/* End PBXResourcesBuildPhase section */

/* Begin PBXSourcesBuildPhase section */
		9626C8E71F970A010004DAAC /* Sources */ = {
			isa = PBXSourcesBuildPhase;
			buildActionMask = 2147483647;
			files = (
				9626C8F11F970A010004DAAC /* ViewController.swift in Sources */,
				9626C8EF1F970A010004DAAC /* AppDelegate.swift in Sources */,
			);
			runOnlyForDeploymentPostprocessing = 0;
		};
/* End PBXSourcesBuildPhase section */

/* Begin PBXVariantGroup section */
		9626C8F21F970A010004DAAC /* Main.storyboard */ = {
			isa = PBXVariantGroup;
			children = (
				9626C8F31F970A010004DAAC /* Base */,
			);
			name = Main.storyboard;
			sourceTree = "<group>";
		};
		9626C8F71F970A010004DAAC /* LaunchScreen.storyboard */ = {
			isa = PBXVariantGroup;
			children = (
				9626C8F81F970A010004DAAC /* Base */,
			);
			name = LaunchScreen.storyboard;
			sourceTree = "<group>";
		};
/* End PBXVariantGroup section */

/* Begin XCBuildConfiguration section */
		9626C8FB1F970A010004DAAC /* Debug */ = {
			isa = XCBuildConfiguration;
			buildSettings = {
				ALWAYS_SEARCH_USER_PATHS = NO;
				CLANG_ANALYZER_NONNULL = YES;
				CLANG_ANALYZER_NUMBER_OBJECT_CONVERSION = YES_AGGRESSIVE;
				CLANG_CXX_LANGUAGE_STANDARD = "gnu++0x";
				CLANG_CXX_LIBRARY = "libc++";
				CLANG_ENABLE_MODULES = YES;
				CLANG_ENABLE_OBJC_ARC = YES;
				CLANG_WARN_BOOL_CONVERSION = YES;
				CLANG_WARN_CONSTANT_CONVERSION = YES;
				CLANG_WARN_DIRECT_OBJC_ISA_USAGE = YES_ERROR;
				CLANG_WARN_DOCUMENTATION_COMMENTS = YES;
				CLANG_WARN_EMPTY_BODY = YES;
				CLANG_WARN_ENUM_CONVERSION = YES;
				CLANG_WARN_INFINITE_RECURSION = YES;
				CLANG_WARN_INT_CONVERSION = YES;
				CLANG_WARN_OBJC_ROOT_CLASS = YES_ERROR;
				CLANG_WARN_SUSPICIOUS_MOVE = YES;
				CLANG_WARN_UNREACHABLE_CODE = YES;
				CLANG_WARN__DUPLICATE_METHOD_MATCH = YES;
				"CODE_SIGN_IDENTITY[sdk=iphoneos*]" = "iPhone Developer";
				COPY_PHASE_STRIP = NO;
				DEBUG_INFORMATION_FORMAT = dwarf;
				ENABLE_STRICT_OBJC_MSGSEND = YES;
				ENABLE_TESTABILITY = YES;
				GCC_C_LANGUAGE_STANDARD = gnu99;
				GCC_DYNAMIC_NO_PIC = NO;
				GCC_NO_COMMON_BLOCKS = YES;
				GCC_OPTIMIZATION_LEVEL = 0;
				GCC_PREPROCESSOR_DEFINITIONS = (
					"DEBUG=1",
					"$(inherited)",
				);
				GCC_WARN_64_TO_32_BIT_CONVERSION = YES;
				GCC_WARN_ABOUT_RETURN_TYPE = YES_ERROR;
				GCC_WARN_UNDECLARED_SELECTOR = YES;
				GCC_WARN_UNINITIALIZED_AUTOS = YES_AGGRESSIVE;
				GCC_WARN_UNUSED_FUNCTION = YES;
				GCC_WARN_UNUSED_VARIABLE = YES;
				IPHONEOS_DEPLOYMENT_TARGET = 10.3;
				MTL_ENABLE_DEBUG_INFO = YES;
				ONLY_ACTIVE_ARCH = YES;
				SDKROOT = iphoneos;
				SWIFT_ACTIVE_COMPILATION_CONDITIONS = DEBUG;
				SWIFT_OPTIMIZATION_LEVEL = "-Onone";
			};
			name = Debug;
		};
		9626C8FC1F970A010004DAAC /* Release */ = {
			isa = XCBuildConfiguration;
			buildSettings = {
				ALWAYS_SEARCH_USER_PATHS = NO;
				CLANG_ANALYZER_NONNULL = YES;
				CLANG_ANALYZER_NUMBER_OBJECT_CONVERSION = YES_AGGRESSIVE;
				CLANG_CXX_LANGUAGE_STANDARD = "gnu++0x";
				CLANG_CXX_LIBRARY = "libc++";
				CLANG_ENABLE_MODULES = YES;
				CLANG_ENABLE_OBJC_ARC = YES;
				CLANG_WARN_BOOL_CONVERSION = YES;
				CLANG_WARN_CONSTANT_CONVERSION = YES;
				CLANG_WARN_DIRECT_OBJC_ISA_USAGE = YES_ERROR;
				CLANG_WARN_DOCUMENTATION_COMMENTS = YES;
				CLANG_WARN_EMPTY_BODY = YES;
				CLANG_WARN_ENUM_CONVERSION = YES;
				CLANG_WARN_INFINITE_RECURSION = YES;
				CLANG_WARN_INT_CONVERSION = YES;
				CLANG_WARN_OBJC_ROOT_CLASS = YES_ERROR;
				CLANG_WARN_SUSPICIOUS_MOVE = YES;
				CLANG_WARN_UNREACHABLE_CODE = YES;
				CLANG_WARN__DUPLICATE_METHOD_MATCH = YES;
				"CODE_SIGN_IDENTITY[sdk=iphoneos*]" = "iPhone Developer";
				COPY_PHASE_STRIP = NO;
				DEBUG_INFORMATION_FORMAT = "dwarf-with-dsym";
				ENABLE_NS_ASSERTIONS = NO;
				ENABLE_STRICT_OBJC_MSGSEND = YES;
				GCC_C_LANGUAGE_STANDARD = gnu99;
				GCC_NO_COMMON_BLOCKS = YES;
				GCC_WARN_64_TO_32_BIT_CONVERSION = YES;
				GCC_WARN_ABOUT_RETURN_TYPE = YES_ERROR;
				GCC_WARN_UNDECLARED_SELECTOR = YES;
				GCC_WARN_UNINITIALIZED_AUTOS = YES_AGGRESSIVE;
				GCC_WARN_UNUSED_FUNCTION = YES;
				GCC_WARN_UNUSED_VARIABLE = YES;
				IPHONEOS_DEPLOYMENT_TARGET = 10.3;
				MTL_ENABLE_DEBUG_INFO = NO;
				SDKROOT = iphoneos;
				SWIFT_OPTIMIZATION_LEVEL = "-Owholemodule";
				VALIDATE_PRODUCT = YES;
			};
			name = Release;
		};
		9626C8FE1F970A010004DAAC /* Debug */ = {
			isa = XCBuildConfiguration;
			buildSettings = {
				ASSETCATALOG_COMPILER_APPICON_NAME = AppIcon;
				INFOPLIST_FILE = "Catch the morty/Info.plist";
				LD_RUNPATH_SEARCH_PATHS = "$(inherited) @executable_path/Frameworks";
				PRODUCT_BUNDLE_IDENTIFIER = "com.Catch-the-morty";
				PRODUCT_NAME = "$(TARGET_NAME)";
				SWIFT_VERSION = 3.0;
			};
			name = Debug;
		};
		9626C8FF1F970A010004DAAC /* Release */ = {
			isa = XCBuildConfiguration;
			buildSettings = {
				ASSETCATALOG_COMPILER_APPICON_NAME = AppIcon;
				INFOPLIST_FILE = "Catch the morty/Info.plist";
				LD_RUNPATH_SEARCH_PATHS = "$(inherited) @executable_path/Frameworks";
				PRODUCT_BUNDLE_IDENTIFIER = "com.Catch-the-morty";
				PRODUCT_NAME = "$(TARGET_NAME)";
				SWIFT_VERSION = 3.0;
			};
			name = Release;
		};
/* End XCBuildConfiguration section */

/* Begin XCConfigurationList section */
		9626C8E61F970A010004DAAC /* Build configuration list for PBXProject "Catch the morty" */ = {
			isa = XCConfigurationList;
			buildConfigurations = (
				9626C8FB1F970A010004DAAC /* Debug */,
				9626C8FC1F970A010004DAAC /* Release */,
			);
			defaultConfigurationIsVisible = 0;
			defaultConfigurationName = Release;
		};
		9626C8FD1F970A010004DAAC /* Build configuration list for PBXNativeTarget "Catch the morty" */ = {
			isa = XCConfigurationList;
			buildConfigurations = (
				9626C8FE1F970A010004DAAC /* Debug */,
				9626C8FF1F970A010004DAAC /* Release */,
			);
			defaultConfigurationIsVisible = 0;
		};
/* End XCConfigurationList section */
	};
	rootObject = 9626C8E31F970A010004DAAC /* Project object */;
}
